// !$*UTF8*$!
{
	archiveVersion = 1;
	classes = {
	};
	objectVersion = 56;
	objects = {

/* Begin PBXBuildFile section */
		991C82652D71D6BF00083F89 /* AsyncDrinkServiceTests.swift in Sources */ = {isa = PBXBuildFile; fileRef = 991C82642D71D6BF00083F89 /* AsyncDrinkServiceTests.swift */; };
		991C82672D71D86C00083F89 /* AsyncDrinkService.swift in Sources */ = {isa = PBXBuildFile; fileRef = 991C82662D71D86C00083F89 /* AsyncDrinkService.swift */; };
		991C82682D71D86C00083F89 /* AsyncDrinkService.swift in Sources */ = {isa = PBXBuildFile; fileRef = 991C82662D71D86C00083F89 /* AsyncDrinkService.swift */; };
		991C826A2D71DA9900083F89 /* NSError+extension.swift in Sources */ = {isa = PBXBuildFile; fileRef = 991C82692D71DA9900083F89 /* NSError+extension.swift */; };
		991C826B2D71DA9900083F89 /* NSError+extension.swift in Sources */ = {isa = PBXBuildFile; fileRef = 991C82692D71DA9900083F89 /* NSError+extension.swift */; };
		997CBB7F2D89D06900E0D144 /* obj_drink_details_choco.json in Resources */ = {isa = PBXBuildFile; fileRef = 997CBB7E2D89D04E00E0D144 /* obj_drink_details_choco.json */; };
		998AEA0D2D8868D00054E3A3 /* SearchViewModel.swift in Sources */ = {isa = PBXBuildFile; fileRef = 998AEA0C2D8868D00054E3A3 /* SearchViewModel.swift */; };
		998AEA0E2D887B920054E3A3 /* DrinksModel.swift in Sources */ = {isa = PBXBuildFile; fileRef = 998D721C29A53BB100DA39FC /* DrinksModel.swift */; };
		998AEA0F2D887B980054E3A3 /* SearchViewModel.swift in Sources */ = {isa = PBXBuildFile; fileRef = 998AEA0C2D8868D00054E3A3 /* SearchViewModel.swift */; };
		998D721B29A5375A00DA39FC /* DrinkItemCell.swift in Sources */ = {isa = PBXBuildFile; fileRef = 998D721A29A5375A00DA39FC /* DrinkItemCell.swift */; };
		998D721D29A53BB100DA39FC /* DrinksModel.swift in Sources */ = {isa = PBXBuildFile; fileRef = 998D721C29A53BB100DA39FC /* DrinksModel.swift */; };
		998D721F29A5471E00DA39FC /* DrinkImageDownloader.swift in Sources */ = {isa = PBXBuildFile; fileRef = 998D721E29A5471E00DA39FC /* DrinkImageDownloader.swift */; };
		998D722129A616E600DA39FC /* DrinkDetails.swift in Sources */ = {isa = PBXBuildFile; fileRef = 998D722029A616E600DA39FC /* DrinkDetails.swift */; };
		998D722229A616E600DA39FC /* DrinkDetails.swift in Sources */ = {isa = PBXBuildFile; fileRef = 998D722029A616E600DA39FC /* DrinkDetails.swift */; };
		998D722C29A628A800DA39FC /* DrinkDetailsInterface.swift in Sources */ = {isa = PBXBuildFile; fileRef = 998D722529A628A800DA39FC /* DrinkDetailsInterface.swift */; };
		998D722D29A628A800DA39FC /* DrinkDetailsViewController.swift in Sources */ = {isa = PBXBuildFile; fileRef = 998D722629A628A800DA39FC /* DrinkDetailsViewController.swift */; };
		998D722E29A628A800DA39FC /* DrinkDetails.storyboard in Resources */ = {isa = PBXBuildFile; fileRef = 998D722729A628A800DA39FC /* DrinkDetails.storyboard */; };
		998D722F29A628A800DA39FC /* DrinkDetailsCoordinator.swift in Sources */ = {isa = PBXBuildFile; fileRef = 998D722929A628A800DA39FC /* DrinkDetailsCoordinator.swift */; };
		998D723029A628A800DA39FC /* DrinkDetailsPresenter.swift in Sources */ = {isa = PBXBuildFile; fileRef = 998D722B29A628A800DA39FC /* DrinkDetailsPresenter.swift */; };
		998D723229A64D6000DA39FC /* DrinkDetailsModel.swift in Sources */ = {isa = PBXBuildFile; fileRef = 998D723129A64D6000DA39FC /* DrinkDetailsModel.swift */; };
		998D723429A66AC600DA39FC /* DrinkIngredients.swift in Sources */ = {isa = PBXBuildFile; fileRef = 998D723329A66AC600DA39FC /* DrinkIngredients.swift */; };
		998D723529A66AC600DA39FC /* DrinkIngredients.swift in Sources */ = {isa = PBXBuildFile; fileRef = 998D723329A66AC600DA39FC /* DrinkIngredients.swift */; };
		998D723829AE55E600DA39FC /* DrinksSearchListPresenterTests.swift in Sources */ = {isa = PBXBuildFile; fileRef = 998D723729AE55E600DA39FC /* DrinksSearchListPresenterTests.swift */; };
		998D723A29AF60D200DA39FC /* DrinksServiceMock.swift in Sources */ = {isa = PBXBuildFile; fileRef = 998D723929AF60D200DA39FC /* DrinksServiceMock.swift */; };
		998D723B29B0AD1800DA39FC /* DrinksSearchListPresenter.swift in Sources */ = {isa = PBXBuildFile; fileRef = 99C25FB329A4CBB200B85BB0 /* DrinksSearchListPresenter.swift */; };
		998D723E29B0B06100DA39FC /* Destination.swift in Sources */ = {isa = PBXBuildFile; fileRef = 99C25FBC29A4DB3900B85BB0 /* Destination.swift */; };
		998D724029B0B09300DA39FC /* Coordinator.swift in Sources */ = {isa = PBXBuildFile; fileRef = 998D723F29B0B09300DA39FC /* Coordinator.swift */; };
		998D724129B0B09400DA39FC /* Coordinator.swift in Sources */ = {isa = PBXBuildFile; fileRef = 998D723F29B0B09300DA39FC /* Coordinator.swift */; };
		998D724229B0B11600DA39FC /* DrinksSearchListInterface.swift in Sources */ = {isa = PBXBuildFile; fileRef = 99C25FAF29A4CBB200B85BB0 /* DrinksSearchListInterface.swift */; };
		998D724429B0B2D600DA39FC /* DrinksSearchListPresenter+Init.swift in Sources */ = {isa = PBXBuildFile; fileRef = 998D724329B0B2D600DA39FC /* DrinksSearchListPresenter+Init.swift */; };
		998D724729B0B5C100DA39FC /* CoreTests.swift in Sources */ = {isa = PBXBuildFile; fileRef = 998D724629B0B5C100DA39FC /* CoreTests.swift */; };
		99C25F3229A36F1300B85BB0 /* AppDelegate.swift in Sources */ = {isa = PBXBuildFile; fileRef = 99C25F3129A36F1300B85BB0 /* AppDelegate.swift */; };
		99C25F3629A36F1300B85BB0 /* ViewController.swift in Sources */ = {isa = PBXBuildFile; fileRef = 99C25F3529A36F1300B85BB0 /* ViewController.swift */; };
		99C25F3B29A36F1900B85BB0 /* Assets.xcassets in Resources */ = {isa = PBXBuildFile; fileRef = 99C25F3A29A36F1900B85BB0 /* Assets.xcassets */; };
		99C25F4929A36F1900B85BB0 /* DrinksFilterRepositoryTests.swift in Sources */ = {isa = PBXBuildFile; fileRef = 99C25F4829A36F1900B85BB0 /* DrinksFilterRepositoryTests.swift */; };
		99C25F5329A36F1900B85BB0 /* DrinksDBUITests.swift in Sources */ = {isa = PBXBuildFile; fileRef = 99C25F5229A36F1900B85BB0 /* DrinksDBUITests.swift */; };
		99C25F5529A36F1900B85BB0 /* DrinksDBUITestsLaunchTests.swift in Sources */ = {isa = PBXBuildFile; fileRef = 99C25F5429A36F1900B85BB0 /* DrinksDBUITestsLaunchTests.swift */; };
		99C25F9F29A38CFD00B85BB0 /* DrinksRepository.swift in Sources */ = {isa = PBXBuildFile; fileRef = 99C25F9E29A38CFD00B85BB0 /* DrinksRepository.swift */; };
		99C25FA029A38CFD00B85BB0 /* DrinksRepository.swift in Sources */ = {isa = PBXBuildFile; fileRef = 99C25F9E29A38CFD00B85BB0 /* DrinksRepository.swift */; };
		99C25FA229A3950A00B85BB0 /* DrinksService.swift in Sources */ = {isa = PBXBuildFile; fileRef = 99C25FA129A3950A00B85BB0 /* DrinksService.swift */; };
		99C25FA329A3973F00B85BB0 /* DrinksService.swift in Sources */ = {isa = PBXBuildFile; fileRef = 99C25FA129A3950A00B85BB0 /* DrinksService.swift */; };
		99C25FA529A39FF500B85BB0 /* APIRequestService.swift in Sources */ = {isa = PBXBuildFile; fileRef = 99C25FA429A39FF500B85BB0 /* APIRequestService.swift */; };
		99C25FA729A3C48E00B85BB0 /* Drinks.swift in Sources */ = {isa = PBXBuildFile; fileRef = 99C25FA629A3C48E00B85BB0 /* Drinks.swift */; };
		99C25FA829A3C48E00B85BB0 /* Drinks.swift in Sources */ = {isa = PBXBuildFile; fileRef = 99C25FA629A3C48E00B85BB0 /* Drinks.swift */; };
		99C25FA929A3CB4600B85BB0 /* APIRequestService.swift in Sources */ = {isa = PBXBuildFile; fileRef = 99C25FA429A39FF500B85BB0 /* APIRequestService.swift */; };
		99C25FB429A4CBB200B85BB0 /* DrinksSearchList.storyboard in Resources */ = {isa = PBXBuildFile; fileRef = 99C25FAD29A4CBB200B85BB0 /* DrinksSearchList.storyboard */; };
		99C25FB529A4CBB200B85BB0 /* DrinksSearchListViewController.swift in Sources */ = {isa = PBXBuildFile; fileRef = 99C25FAE29A4CBB200B85BB0 /* DrinksSearchListViewController.swift */; };
		99C25FB629A4CBB200B85BB0 /* DrinksSearchListInterface.swift in Sources */ = {isa = PBXBuildFile; fileRef = 99C25FAF29A4CBB200B85BB0 /* DrinksSearchListInterface.swift */; };
		99C25FB729A4CBB200B85BB0 /* DrinksSearchListCoordinator.swift in Sources */ = {isa = PBXBuildFile; fileRef = 99C25FB129A4CBB200B85BB0 /* DrinksSearchListCoordinator.swift */; };
		99C25FB829A4CBB200B85BB0 /* DrinksSearchListPresenter.swift in Sources */ = {isa = PBXBuildFile; fileRef = 99C25FB329A4CBB200B85BB0 /* DrinksSearchListPresenter.swift */; };
		99C25FBA29A4D85A00B85BB0 /* AppCoordinator.swift in Sources */ = {isa = PBXBuildFile; fileRef = 99C25FB929A4D85A00B85BB0 /* AppCoordinator.swift */; };
		99C25FBD29A4DB3900B85BB0 /* Destination.swift in Sources */ = {isa = PBXBuildFile; fileRef = 99C25FBC29A4DB3900B85BB0 /* Destination.swift */; };
		99C25FBF29A52C3300B85BB0 /* AppMainModule.swift in Sources */ = {isa = PBXBuildFile; fileRef = 99C25FBE29A52C3200B85BB0 /* AppMainModule.swift */; };
		99FB4A952A1D010E0044B6F2 /* SceneDelegate.swift in Sources */ = {isa = PBXBuildFile; fileRef = 99FB4A942A1D010E0044B6F2 /* SceneDelegate.swift */; };
/* End PBXBuildFile section */

/* Begin PBXContainerItemProxy section */
		99C25F4529A36F1900B85BB0 /* PBXContainerItemProxy */ = {
			isa = PBXContainerItemProxy;
			containerPortal = 99C25F2629A36F1200B85BB0 /* Project object */;
			proxyType = 1;
			remoteGlobalIDString = 99C25F2D29A36F1300B85BB0;
			remoteInfo = DrinksDB;
		};
		99C25F4F29A36F1900B85BB0 /* PBXContainerItemProxy */ = {
			isa = PBXContainerItemProxy;
			containerPortal = 99C25F2629A36F1200B85BB0 /* Project object */;
			proxyType = 1;
			remoteGlobalIDString = 99C25F2D29A36F1300B85BB0;
			remoteInfo = DrinksDB;
		};
/* End PBXContainerItemProxy section */

/* Begin PBXFileReference section */
		991C82642D71D6BF00083F89 /* AsyncDrinkServiceTests.swift */ = {isa = PBXFileReference; lastKnownFileType = sourcecode.swift; path = AsyncDrinkServiceTests.swift; sourceTree = "<group>"; };
		991C82662D71D86C00083F89 /* AsyncDrinkService.swift */ = {isa = PBXFileReference; lastKnownFileType = sourcecode.swift; path = AsyncDrinkService.swift; sourceTree = "<group>"; };
		991C82692D71DA9900083F89 /* NSError+extension.swift */ = {isa = PBXFileReference; lastKnownFileType = sourcecode.swift; path = "NSError+extension.swift"; sourceTree = "<group>"; };
		997CBB7E2D89D04E00E0D144 /* obj_drink_details_choco.json */ = {isa = PBXFileReference; lastKnownFileType = text.json; path = obj_drink_details_choco.json; sourceTree = "<group>"; };
		998AEA0C2D8868D00054E3A3 /* SearchViewModel.swift */ = {isa = PBXFileReference; lastKnownFileType = sourcecode.swift; path = SearchViewModel.swift; sourceTree = "<group>"; };
		998D721A29A5375A00DA39FC /* DrinkItemCell.swift */ = {isa = PBXFileReference; lastKnownFileType = sourcecode.swift; path = DrinkItemCell.swift; sourceTree = "<group>"; };
		998D721C29A53BB100DA39FC /* DrinksModel.swift */ = {isa = PBXFileReference; lastKnownFileType = sourcecode.swift; path = DrinksModel.swift; sourceTree = "<group>"; };
		998D721E29A5471E00DA39FC /* DrinkImageDownloader.swift */ = {isa = PBXFileReference; lastKnownFileType = sourcecode.swift; name = DrinkImageDownloader.swift; path = DrinksDB/DrinksAPI/DrinkImageDownloader.swift; sourceTree = SOURCE_ROOT; };
		998D722029A616E600DA39FC /* DrinkDetails.swift */ = {isa = PBXFileReference; lastKnownFileType = sourcecode.swift; path = DrinkDetails.swift; sourceTree = "<group>"; };
		998D722529A628A800DA39FC /* DrinkDetailsInterface.swift */ = {isa = PBXFileReference; fileEncoding = 4; lastKnownFileType = sourcecode.swift; path = DrinkDetailsInterface.swift; sourceTree = "<group>"; };
		998D722629A628A800DA39FC /* DrinkDetailsViewController.swift */ = {isa = PBXFileReference; fileEncoding = 4; lastKnownFileType = sourcecode.swift; path = DrinkDetailsViewController.swift; sourceTree = "<group>"; };
		998D722729A628A800DA39FC /* DrinkDetails.storyboard */ = {isa = PBXFileReference; fileEncoding = 4; lastKnownFileType = file.storyboard; path = DrinkDetails.storyboard; sourceTree = "<group>"; };
		998D722929A628A800DA39FC /* DrinkDetailsCoordinator.swift */ = {isa = PBXFileReference; fileEncoding = 4; lastKnownFileType = sourcecode.swift; path = DrinkDetailsCoordinator.swift; sourceTree = "<group>"; };
		998D722B29A628A800DA39FC /* DrinkDetailsPresenter.swift */ = {isa = PBXFileReference; fileEncoding = 4; lastKnownFileType = sourcecode.swift; path = DrinkDetailsPresenter.swift; sourceTree = "<group>"; };
		998D723129A64D6000DA39FC /* DrinkDetailsModel.swift */ = {isa = PBXFileReference; lastKnownFileType = sourcecode.swift; path = DrinkDetailsModel.swift; sourceTree = "<group>"; };
		998D723329A66AC600DA39FC /* DrinkIngredients.swift */ = {isa = PBXFileReference; lastKnownFileType = sourcecode.swift; path = DrinkIngredients.swift; sourceTree = "<group>"; };
		998D723729AE55E600DA39FC /* DrinksSearchListPresenterTests.swift */ = {isa = PBXFileReference; lastKnownFileType = sourcecode.swift; path = DrinksSearchListPresenterTests.swift; sourceTree = "<group>"; };
		998D723929AF60D200DA39FC /* DrinksServiceMock.swift */ = {isa = PBXFileReference; lastKnownFileType = sourcecode.swift; path = DrinksServiceMock.swift; sourceTree = "<group>"; };
		998D723F29B0B09300DA39FC /* Coordinator.swift */ = {isa = PBXFileReference; lastKnownFileType = sourcecode.swift; path = Coordinator.swift; sourceTree = "<group>"; };
		998D724329B0B2D600DA39FC /* DrinksSearchListPresenter+Init.swift */ = {isa = PBXFileReference; lastKnownFileType = sourcecode.swift; path = "DrinksSearchListPresenter+Init.swift"; sourceTree = "<group>"; };
		998D724629B0B5C100DA39FC /* CoreTests.swift */ = {isa = PBXFileReference; lastKnownFileType = sourcecode.swift; path = CoreTests.swift; sourceTree = "<group>"; };
		99C25F2E29A36F1300B85BB0 /* DrinksDB.app */ = {isa = PBXFileReference; explicitFileType = wrapper.application; includeInIndex = 0; path = DrinksDB.app; sourceTree = BUILT_PRODUCTS_DIR; };
		99C25F3129A36F1300B85BB0 /* AppDelegate.swift */ = {isa = PBXFileReference; lastKnownFileType = sourcecode.swift; path = AppDelegate.swift; sourceTree = "<group>"; };
		99C25F3529A36F1300B85BB0 /* ViewController.swift */ = {isa = PBXFileReference; lastKnownFileType = sourcecode.swift; path = ViewController.swift; sourceTree = "<group>"; };
		99C25F3A29A36F1900B85BB0 /* Assets.xcassets */ = {isa = PBXFileReference; lastKnownFileType = folder.assetcatalog; path = Assets.xcassets; sourceTree = "<group>"; };
		99C25F3F29A36F1900B85BB0 /* Info.plist */ = {isa = PBXFileReference; lastKnownFileType = text.plist.xml; path = Info.plist; sourceTree = "<group>"; };
		99C25F4429A36F1900B85BB0 /* DrinksDBTests.xctest */ = {isa = PBXFileReference; explicitFileType = wrapper.cfbundle; includeInIndex = 0; path = DrinksDBTests.xctest; sourceTree = BUILT_PRODUCTS_DIR; };
		99C25F4829A36F1900B85BB0 /* DrinksFilterRepositoryTests.swift */ = {isa = PBXFileReference; lastKnownFileType = sourcecode.swift; path = DrinksFilterRepositoryTests.swift; sourceTree = "<group>"; };
		99C25F4E29A36F1900B85BB0 /* DrinksDBUITests.xctest */ = {isa = PBXFileReference; explicitFileType = wrapper.cfbundle; includeInIndex = 0; path = DrinksDBUITests.xctest; sourceTree = BUILT_PRODUCTS_DIR; };
		99C25F5229A36F1900B85BB0 /* DrinksDBUITests.swift */ = {isa = PBXFileReference; lastKnownFileType = sourcecode.swift; path = DrinksDBUITests.swift; sourceTree = "<group>"; };
		99C25F5429A36F1900B85BB0 /* DrinksDBUITestsLaunchTests.swift */ = {isa = PBXFileReference; lastKnownFileType = sourcecode.swift; path = DrinksDBUITestsLaunchTests.swift; sourceTree = "<group>"; };
		99C25F9E29A38CFD00B85BB0 /* DrinksRepository.swift */ = {isa = PBXFileReference; lastKnownFileType = sourcecode.swift; path = DrinksRepository.swift; sourceTree = "<group>"; };
		99C25FA129A3950A00B85BB0 /* DrinksService.swift */ = {isa = PBXFileReference; lastKnownFileType = sourcecode.swift; path = DrinksService.swift; sourceTree = "<group>"; };
		99C25FA429A39FF500B85BB0 /* APIRequestService.swift */ = {isa = PBXFileReference; lastKnownFileType = sourcecode.swift; path = APIRequestService.swift; sourceTree = "<group>"; };
		99C25FA629A3C48E00B85BB0 /* Drinks.swift */ = {isa = PBXFileReference; lastKnownFileType = sourcecode.swift; path = Drinks.swift; sourceTree = "<group>"; };
		99C25FAD29A4CBB200B85BB0 /* DrinksSearchList.storyboard */ = {isa = PBXFileReference; fileEncoding = 4; lastKnownFileType = file.storyboard; path = DrinksSearchList.storyboard; sourceTree = "<group>"; };
		99C25FAE29A4CBB200B85BB0 /* DrinksSearchListViewController.swift */ = {isa = PBXFileReference; fileEncoding = 4; lastKnownFileType = sourcecode.swift; path = DrinksSearchListViewController.swift; sourceTree = "<group>"; };
		99C25FAF29A4CBB200B85BB0 /* DrinksSearchListInterface.swift */ = {isa = PBXFileReference; fileEncoding = 4; lastKnownFileType = sourcecode.swift; path = DrinksSearchListInterface.swift; sourceTree = "<group>"; };
		99C25FB129A4CBB200B85BB0 /* DrinksSearchListCoordinator.swift */ = {isa = PBXFileReference; fileEncoding = 4; lastKnownFileType = sourcecode.swift; path = DrinksSearchListCoordinator.swift; sourceTree = "<group>"; };
		99C25FB329A4CBB200B85BB0 /* DrinksSearchListPresenter.swift */ = {isa = PBXFileReference; fileEncoding = 4; lastKnownFileType = sourcecode.swift; path = DrinksSearchListPresenter.swift; sourceTree = "<group>"; };
		99C25FB929A4D85A00B85BB0 /* AppCoordinator.swift */ = {isa = PBXFileReference; lastKnownFileType = sourcecode.swift; path = AppCoordinator.swift; sourceTree = "<group>"; };
		99C25FBC29A4DB3900B85BB0 /* Destination.swift */ = {isa = PBXFileReference; lastKnownFileType = sourcecode.swift; path = Destination.swift; sourceTree = "<group>"; };
		99C25FBE29A52C3200B85BB0 /* AppMainModule.swift */ = {isa = PBXFileReference; lastKnownFileType = sourcecode.swift; name = AppMainModule.swift; path = DrinksDB/App/AppMainModule.swift; sourceTree = SOURCE_ROOT; };
		99FB4A942A1D010E0044B6F2 /* SceneDelegate.swift */ = {isa = PBXFileReference; lastKnownFileType = sourcecode.swift; path = SceneDelegate.swift; sourceTree = "<group>"; };
/* End PBXFileReference section */

/* Begin PBXFrameworksBuildPhase section */
		99C25F2B29A36F1300B85BB0 /* Frameworks */ = {
			isa = PBXFrameworksBuildPhase;
			buildActionMask = 2147483647;
			files = (
			);
			runOnlyForDeploymentPostprocessing = 0;
		};
		99C25F4129A36F1900B85BB0 /* Frameworks */ = {
			isa = PBXFrameworksBuildPhase;
			buildActionMask = 2147483647;
			files = (
			);
			runOnlyForDeploymentPostprocessing = 0;
		};
		99C25F4B29A36F1900B85BB0 /* Frameworks */ = {
			isa = PBXFrameworksBuildPhase;
			buildActionMask = 2147483647;
			files = (
			);
			runOnlyForDeploymentPostprocessing = 0;
		};
/* End PBXFrameworksBuildPhase section */

/* Begin PBXGroup section */
		997CBB802D89D7A000E0D144 /* JSON Objects */ = {
			isa = PBXGroup;
			children = (
				997CBB7E2D89D04E00E0D144 /* obj_drink_details_choco.json */,
			);
			path = "JSON Objects";
			sourceTree = "<group>";
		};
		998D722329A628A800DA39FC /* DrinkDetails */ = {
			isa = PBXGroup;
			children = (
				998D722429A628A800DA39FC /* UI */,
				998D722829A628A800DA39FC /* Coordinator */,
				998D722A29A628A800DA39FC /* Presenter */,
			);
			path = DrinkDetails;
			sourceTree = "<group>";
		};
		998D722429A628A800DA39FC /* UI */ = {
			isa = PBXGroup;
			children = (
				998D722529A628A800DA39FC /* DrinkDetailsInterface.swift */,
				998D722629A628A800DA39FC /* DrinkDetailsViewController.swift */,
				998D722729A628A800DA39FC /* DrinkDetails.storyboard */,
				998D723129A64D6000DA39FC /* DrinkDetailsModel.swift */,
			);
			path = UI;
			sourceTree = "<group>";
		};
		998D722829A628A800DA39FC /* Coordinator */ = {
			isa = PBXGroup;
			children = (
				998D722929A628A800DA39FC /* DrinkDetailsCoordinator.swift */,
			);
			path = Coordinator;
			sourceTree = "<group>";
		};
		998D722A29A628A800DA39FC /* Presenter */ = {
			isa = PBXGroup;
			children = (
				998D722B29A628A800DA39FC /* DrinkDetailsPresenter.swift */,
			);
			path = Presenter;
			sourceTree = "<group>";
		};
		99C25F2529A36F1200B85BB0 = {
			isa = PBXGroup;
			children = (
				99C25F3029A36F1300B85BB0 /* DrinksDB */,
				99C25F4729A36F1900B85BB0 /* DrinksDBTests */,
				99C25F5129A36F1900B85BB0 /* DrinksDBUITests */,
				99C25F2F29A36F1300B85BB0 /* Products */,
			);
			sourceTree = "<group>";
		};
		99C25F2F29A36F1300B85BB0 /* Products */ = {
			isa = PBXGroup;
			children = (
				99C25F2E29A36F1300B85BB0 /* DrinksDB.app */,
				99C25F4429A36F1900B85BB0 /* DrinksDBTests.xctest */,
				99C25F4E29A36F1900B85BB0 /* DrinksDBUITests.xctest */,
			);
			name = Products;
			sourceTree = "<group>";
		};
		99C25F3029A36F1300B85BB0 /* DrinksDB */ = {
			isa = PBXGroup;
			children = (
				99C25F3129A36F1300B85BB0 /* AppDelegate.swift */,
				99FB4A942A1D010E0044B6F2 /* SceneDelegate.swift */,
				99C25F3529A36F1300B85BB0 /* ViewController.swift */,
				99C25FBB29A4DACB00B85BB0 /* App */,
				99C25FAA29A4CAF200B85BB0 /* Screens */,
				99C25F9D29A37B3100B85BB0 /* DrinksAPI */,
				99C25F3A29A36F1900B85BB0 /* Assets.xcassets */,
				99C25F3F29A36F1900B85BB0 /* Info.plist */,
			);
			path = DrinksDB;
			sourceTree = "<group>";
		};
		99C25F4729A36F1900B85BB0 /* DrinksDBTests */ = {
			isa = PBXGroup;
			children = (
				998D723929AF60D200DA39FC /* DrinksServiceMock.swift */,
				991C82642D71D6BF00083F89 /* AsyncDrinkServiceTests.swift */,
				997CBB802D89D7A000E0D144 /* JSON Objects */,
				99C25F4829A36F1900B85BB0 /* DrinksFilterRepositoryTests.swift */,
				998D723729AE55E600DA39FC /* DrinksSearchListPresenterTests.swift */,
				998D724629B0B5C100DA39FC /* CoreTests.swift */,
			);
			path = DrinksDBTests;
			sourceTree = "<group>";
		};
		99C25F5129A36F1900B85BB0 /* DrinksDBUITests */ = {
			isa = PBXGroup;
			children = (
				99C25F5229A36F1900B85BB0 /* DrinksDBUITests.swift */,
				99C25F5429A36F1900B85BB0 /* DrinksDBUITestsLaunchTests.swift */,
			);
			path = DrinksDBUITests;
			sourceTree = "<group>";
		};
		99C25F9D29A37B3100B85BB0 /* DrinksAPI */ = {
			isa = PBXGroup;
			children = (
				99C25F9E29A38CFD00B85BB0 /* DrinksRepository.swift */,
				99C25FA129A3950A00B85BB0 /* DrinksService.swift */,
				99C25FA629A3C48E00B85BB0 /* Drinks.swift */,
				998D722029A616E600DA39FC /* DrinkDetails.swift */,
				991C82662D71D86C00083F89 /* AsyncDrinkService.swift */,
				998D723329A66AC600DA39FC /* DrinkIngredients.swift */,
				99C25FA429A39FF500B85BB0 /* APIRequestService.swift */,
				991C82692D71DA9900083F89 /* NSError+extension.swift */,
			);
			path = DrinksAPI;
			sourceTree = "<group>";
		};
		99C25FAA29A4CAF200B85BB0 /* Screens */ = {
			isa = PBXGroup;
			children = (
				99C25FAB29A4CBB200B85BB0 /* DrinksSearchList */,
				998D722329A628A800DA39FC /* DrinkDetails */,
			);
			path = Screens;
			sourceTree = "<group>";
		};
		99C25FAB29A4CBB200B85BB0 /* DrinksSearchList */ = {
			isa = PBXGroup;
			children = (
				99C25FAC29A4CBB200B85BB0 /* UI */,
				99C25FB029A4CBB200B85BB0 /* Coordinator */,
				99C25FB229A4CBB200B85BB0 /* Presenter */,
			);
			path = DrinksSearchList;
			sourceTree = "<group>";
		};
		99C25FAC29A4CBB200B85BB0 /* UI */ = {
			isa = PBXGroup;
			children = (
				99C25FAF29A4CBB200B85BB0 /* DrinksSearchListInterface.swift */,
				99C25FAE29A4CBB200B85BB0 /* DrinksSearchListViewController.swift */,
				99C25FAD29A4CBB200B85BB0 /* DrinksSearchList.storyboard */,
				998AEA0C2D8868D00054E3A3 /* SearchViewModel.swift */,
				998D721A29A5375A00DA39FC /* DrinkItemCell.swift */,
				998D721C29A53BB100DA39FC /* DrinksModel.swift */,
				998D721E29A5471E00DA39FC /* DrinkImageDownloader.swift */,
			);
			path = UI;
			sourceTree = "<group>";
		};
		99C25FB029A4CBB200B85BB0 /* Coordinator */ = {
			isa = PBXGroup;
			children = (
				99C25FB129A4CBB200B85BB0 /* DrinksSearchListCoordinator.swift */,
			);
			path = Coordinator;
			sourceTree = "<group>";
		};
		99C25FB229A4CBB200B85BB0 /* Presenter */ = {
			isa = PBXGroup;
			children = (
				99C25FB329A4CBB200B85BB0 /* DrinksSearchListPresenter.swift */,
				998D724329B0B2D600DA39FC /* DrinksSearchListPresenter+Init.swift */,
			);
			path = Presenter;
			sourceTree = "<group>";
		};
		99C25FBB29A4DACB00B85BB0 /* App */ = {
			isa = PBXGroup;
			children = (
				99C25FB929A4D85A00B85BB0 /* AppCoordinator.swift */,
				998D723F29B0B09300DA39FC /* Coordinator.swift */,
				99C25FBC29A4DB3900B85BB0 /* Destination.swift */,
				99C25FBE29A52C3200B85BB0 /* AppMainModule.swift */,
			);
			path = App;
			sourceTree = "<group>";
		};
/* End PBXGroup section */

/* Begin PBXNativeTarget section */
		99C25F2D29A36F1300B85BB0 /* DrinksDB */ = {
			isa = PBXNativeTarget;
			buildConfigurationList = 99C25F5829A36F1900B85BB0 /* Build configuration list for PBXNativeTarget "DrinksDB" */;
			buildPhases = (
				99C25F2A29A36F1300B85BB0 /* Sources */,
				99C25F2B29A36F1300B85BB0 /* Frameworks */,
				99C25F2C29A36F1300B85BB0 /* Resources */,
			);
			buildRules = (
			);
			dependencies = (
			);
			name = DrinksDB;
			productName = DrinksDB;
			productReference = 99C25F2E29A36F1300B85BB0 /* DrinksDB.app */;
			productType = "com.apple.product-type.application";
		};
		99C25F4329A36F1900B85BB0 /* DrinksDBTests */ = {
			isa = PBXNativeTarget;
			buildConfigurationList = 99C25F5B29A36F1900B85BB0 /* Build configuration list for PBXNativeTarget "DrinksDBTests" */;
			buildPhases = (
				99C25F4029A36F1900B85BB0 /* Sources */,
				99C25F4129A36F1900B85BB0 /* Frameworks */,
				99C25F4229A36F1900B85BB0 /* Resources */,
			);
			buildRules = (
			);
			dependencies = (
				99C25F4629A36F1900B85BB0 /* PBXTargetDependency */,
			);
			name = DrinksDBTests;
			productName = DrinksDBTests;
			productReference = 99C25F4429A36F1900B85BB0 /* DrinksDBTests.xctest */;
			productType = "com.apple.product-type.bundle.unit-test";
		};
		99C25F4D29A36F1900B85BB0 /* DrinksDBUITests */ = {
			isa = PBXNativeTarget;
			buildConfigurationList = 99C25F5E29A36F1900B85BB0 /* Build configuration list for PBXNativeTarget "DrinksDBUITests" */;
			buildPhases = (
				99C25F4A29A36F1900B85BB0 /* Sources */,
				99C25F4B29A36F1900B85BB0 /* Frameworks */,
				99C25F4C29A36F1900B85BB0 /* Resources */,
			);
			buildRules = (
			);
			dependencies = (
				99C25F5029A36F1900B85BB0 /* PBXTargetDependency */,
			);
			name = DrinksDBUITests;
			productName = DrinksDBUITests;
			productReference = 99C25F4E29A36F1900B85BB0 /* DrinksDBUITests.xctest */;
			productType = "com.apple.product-type.bundle.ui-testing";
		};
/* End PBXNativeTarget section */

/* Begin PBXProject section */
		99C25F2629A36F1200B85BB0 /* Project object */ = {
			isa = PBXProject;
			attributes = {
				BuildIndependentTargetsInParallel = 1;
				LastSwiftUpdateCheck = 1410;
				LastUpgradeCheck = 1410;
				TargetAttributes = {
					99C25F2D29A36F1300B85BB0 = {
						CreatedOnToolsVersion = 14.1;
					};
					99C25F4329A36F1900B85BB0 = {
						CreatedOnToolsVersion = 14.1;
						TestTargetID = 99C25F2D29A36F1300B85BB0;
					};
					99C25F4D29A36F1900B85BB0 = {
						CreatedOnToolsVersion = 14.1;
						TestTargetID = 99C25F2D29A36F1300B85BB0;
					};
				};
			};
			buildConfigurationList = 99C25F2929A36F1200B85BB0 /* Build configuration list for PBXProject "DrinksDB" */;
			compatibilityVersion = "Xcode 14.0";
			developmentRegion = en;
			hasScannedForEncodings = 0;
			knownRegions = (
				en,
				Base,
			);
			mainGroup = 99C25F2529A36F1200B85BB0;
			productRefGroup = 99C25F2F29A36F1300B85BB0 /* Products */;
			projectDirPath = "";
			projectRoot = "";
			targets = (
				99C25F2D29A36F1300B85BB0 /* DrinksDB */,
				99C25F4329A36F1900B85BB0 /* DrinksDBTests */,
				99C25F4D29A36F1900B85BB0 /* DrinksDBUITests */,
			);
		};
/* End PBXProject section */

/* Begin PBXResourcesBuildPhase section */
		99C25F2C29A36F1300B85BB0 /* Resources */ = {
			isa = PBXResourcesBuildPhase;
			buildActionMask = 2147483647;
			files = (
				998D722E29A628A800DA39FC /* DrinkDetails.storyboard in Resources */,
				99C25F3B29A36F1900B85BB0 /* Assets.xcassets in Resources */,
				99C25FB429A4CBB200B85BB0 /* DrinksSearchList.storyboard in Resources */,
			);
			runOnlyForDeploymentPostprocessing = 0;
		};
		99C25F4229A36F1900B85BB0 /* Resources */ = {
			isa = PBXResourcesBuildPhase;
			buildActionMask = 2147483647;
			files = (
				997CBB7F2D89D06900E0D144 /* obj_drink_details_choco.json in Resources */,
			);
			runOnlyForDeploymentPostprocessing = 0;
		};
		99C25F4C29A36F1900B85BB0 /* Resources */ = {
			isa = PBXResourcesBuildPhase;
			buildActionMask = 2147483647;
			files = (
			);
			runOnlyForDeploymentPostprocessing = 0;
		};
/* End PBXResourcesBuildPhase section */

/* Begin PBXSourcesBuildPhase section */
		99C25F2A29A36F1300B85BB0 /* Sources */ = {
			isa = PBXSourcesBuildPhase;
			buildActionMask = 2147483647;
			files = (
				99C25FBA29A4D85A00B85BB0 /* AppCoordinator.swift in Sources */,
				99C25FB629A4CBB200B85BB0 /* DrinksSearchListInterface.swift in Sources */,
				99C25FBD29A4DB3900B85BB0 /* Destination.swift in Sources */,
				998D723229A64D6000DA39FC /* DrinkDetailsModel.swift in Sources */,
				99C25FB529A4CBB200B85BB0 /* DrinksSearchListViewController.swift in Sources */,
				99C25FBF29A52C3300B85BB0 /* AppMainModule.swift in Sources */,
				998D722129A616E600DA39FC /* DrinkDetails.swift in Sources */,
				998D723429A66AC600DA39FC /* DrinkIngredients.swift in Sources */,
				991C82682D71D86C00083F89 /* AsyncDrinkService.swift in Sources */,
				998D724029B0B09300DA39FC /* Coordinator.swift in Sources */,
				998D724429B0B2D600DA39FC /* DrinksSearchListPresenter+Init.swift in Sources */,
				998D721B29A5375A00DA39FC /* DrinkItemCell.swift in Sources */,
				99C25FA729A3C48E00B85BB0 /* Drinks.swift in Sources */,
				998D721D29A53BB100DA39FC /* DrinksModel.swift in Sources */,
				99C25F3629A36F1300B85BB0 /* ViewController.swift in Sources */,
				99C25F3229A36F1300B85BB0 /* AppDelegate.swift in Sources */,
				99C25FB829A4CBB200B85BB0 /* DrinksSearchListPresenter.swift in Sources */,
				99C25FA229A3950A00B85BB0 /* DrinksService.swift in Sources */,
				998AEA0D2D8868D00054E3A3 /* SearchViewModel.swift in Sources */,
				99C25FA529A39FF500B85BB0 /* APIRequestService.swift in Sources */,
				998D722D29A628A800DA39FC /* DrinkDetailsViewController.swift in Sources */,
				99C25F9F29A38CFD00B85BB0 /* DrinksRepository.swift in Sources */,
				991C826B2D71DA9900083F89 /* NSError+extension.swift in Sources */,
				998D723029A628A800DA39FC /* DrinkDetailsPresenter.swift in Sources */,
				99FB4A952A1D010E0044B6F2 /* SceneDelegate.swift in Sources */,
				998D722C29A628A800DA39FC /* DrinkDetailsInterface.swift in Sources */,
				99C25FB729A4CBB200B85BB0 /* DrinksSearchListCoordinator.swift in Sources */,
				998D722F29A628A800DA39FC /* DrinkDetailsCoordinator.swift in Sources */,
				998D721F29A5471E00DA39FC /* DrinkImageDownloader.swift in Sources */,
			);
			runOnlyForDeploymentPostprocessing = 0;
		};
		99C25F4029A36F1900B85BB0 /* Sources */ = {
			isa = PBXSourcesBuildPhase;
			buildActionMask = 2147483647;
			files = (
				99C25FA029A38CFD00B85BB0 /* DrinksRepository.swift in Sources */,
				998D724729B0B5C100DA39FC /* CoreTests.swift in Sources */,
				99C25FA329A3973F00B85BB0 /* DrinksService.swift in Sources */,
				998D723E29B0B06100DA39FC /* Destination.swift in Sources */,
				998AEA0F2D887B980054E3A3 /* SearchViewModel.swift in Sources */,
				998AEA0E2D887B920054E3A3 /* DrinksModel.swift in Sources */,
				99C25FA829A3C48E00B85BB0 /* Drinks.swift in Sources */,
				991C82652D71D6BF00083F89 /* AsyncDrinkServiceTests.swift in Sources */,
				998D724129B0B09400DA39FC /* Coordinator.swift in Sources */,
				998D723529A66AC600DA39FC /* DrinkIngredients.swift in Sources */,
				998D722229A616E600DA39FC /* DrinkDetails.swift in Sources */,
				998D724229B0B11600DA39FC /* DrinksSearchListInterface.swift in Sources */,
				998D723B29B0AD1800DA39FC /* DrinksSearchListPresenter.swift in Sources */,
				991C82672D71D86C00083F89 /* AsyncDrinkService.swift in Sources */,
				99C25FA929A3CB4600B85BB0 /* APIRequestService.swift in Sources */,
				99C25F4929A36F1900B85BB0 /* DrinksFilterRepositoryTests.swift in Sources */,
				998D723829AE55E600DA39FC /* DrinksSearchListPresenterTests.swift in Sources */,
				998D723A29AF60D200DA39FC /* DrinksServiceMock.swift in Sources */,
				991C826A2D71DA9900083F89 /* NSError+extension.swift in Sources */,
			);
			runOnlyForDeploymentPostprocessing = 0;
		};
		99C25F4A29A36F1900B85BB0 /* Sources */ = {
			isa = PBXSourcesBuildPhase;
			buildActionMask = 2147483647;
			files = (
				99C25F5529A36F1900B85BB0 /* DrinksDBUITestsLaunchTests.swift in Sources */,
				99C25F5329A36F1900B85BB0 /* DrinksDBUITests.swift in Sources */,
			);
			runOnlyForDeploymentPostprocessing = 0;
		};
/* End PBXSourcesBuildPhase section */

/* Begin PBXTargetDependency section */
		99C25F4629A36F1900B85BB0 /* PBXTargetDependency */ = {
			isa = PBXTargetDependency;
			target = 99C25F2D29A36F1300B85BB0 /* DrinksDB */;
			targetProxy = 99C25F4529A36F1900B85BB0 /* PBXContainerItemProxy */;
		};
		99C25F5029A36F1900B85BB0 /* PBXTargetDependency */ = {
			isa = PBXTargetDependency;
			target = 99C25F2D29A36F1300B85BB0 /* DrinksDB */;
			targetProxy = 99C25F4F29A36F1900B85BB0 /* PBXContainerItemProxy */;
		};
/* End PBXTargetDependency section */

/* Begin XCBuildConfiguration section */
		99C25F5629A36F1900B85BB0 /* Debug */ = {
			isa = XCBuildConfiguration;
			buildSettings = {
				ALWAYS_SEARCH_USER_PATHS = NO;
				CLANG_ANALYZER_NONNULL = YES;
				CLANG_ANALYZER_NUMBER_OBJECT_CONVERSION = YES_AGGRESSIVE;
				CLANG_CXX_LANGUAGE_STANDARD = "gnu++20";
				CLANG_ENABLE_MODULES = YES;
				CLANG_ENABLE_OBJC_ARC = YES;
				CLANG_ENABLE_OBJC_WEAK = YES;
				CLANG_WARN_BLOCK_CAPTURE_AUTORELEASING = YES;
				CLANG_WARN_BOOL_CONVERSION = YES;
				CLANG_WARN_COMMA = YES;
				CLANG_WARN_CONSTANT_CONVERSION = YES;
				CLANG_WARN_DEPRECATED_OBJC_IMPLEMENTATIONS = YES;
				CLANG_WARN_DIRECT_OBJC_ISA_USAGE = YES_ERROR;
				CLANG_WARN_DOCUMENTATION_COMMENTS = YES;
				CLANG_WARN_EMPTY_BODY = YES;
				CLANG_WARN_ENUM_CONVERSION = YES;
				CLANG_WARN_INFINITE_RECURSION = YES;
				CLANG_WARN_INT_CONVERSION = YES;
				CLANG_WARN_NON_LITERAL_NULL_CONVERSION = YES;
				CLANG_WARN_OBJC_IMPLICIT_RETAIN_SELF = YES;
				CLANG_WARN_OBJC_LITERAL_CONVERSION = YES;
				CLANG_WARN_OBJC_ROOT_CLASS = YES_ERROR;
				CLANG_WARN_QUOTED_INCLUDE_IN_FRAMEWORK_HEADER = YES;
				CLANG_WARN_RANGE_LOOP_ANALYSIS = YES;
				CLANG_WARN_STRICT_PROTOTYPES = YES;
				CLANG_WARN_SUSPICIOUS_MOVE = YES;
				CLANG_WARN_UNGUARDED_AVAILABILITY = YES_AGGRESSIVE;
				CLANG_WARN_UNREACHABLE_CODE = YES;
				CLANG_WARN__DUPLICATE_METHOD_MATCH = YES;
				COPY_PHASE_STRIP = NO;
				DEBUG_INFORMATION_FORMAT = dwarf;
				ENABLE_STRICT_OBJC_MSGSEND = YES;
				ENABLE_TESTABILITY = YES;
				GCC_C_LANGUAGE_STANDARD = gnu11;
				GCC_DYNAMIC_NO_PIC = NO;
				GCC_NO_COMMON_BLOCKS = YES;
				GCC_OPTIMIZATION_LEVEL = 0;
				GCC_PREPROCESSOR_DEFINITIONS = (
					"DEBUG=1",
					"$(inherited)",
				);
				GCC_WARN_64_TO_32_BIT_CONVERSION = YES;
				GCC_WARN_ABOUT_RETURN_TYPE = YES_ERROR;
				GCC_WARN_UNDECLARED_SELECTOR = YES;
				GCC_WARN_UNINITIALIZED_AUTOS = YES_AGGRESSIVE;
				GCC_WARN_UNUSED_FUNCTION = YES;
				GCC_WARN_UNUSED_VARIABLE = YES;
				IPHONEOS_DEPLOYMENT_TARGET = 11.0;
				MTL_ENABLE_DEBUG_INFO = INCLUDE_SOURCE;
				MTL_FAST_MATH = YES;
				ONLY_ACTIVE_ARCH = YES;
				SDKROOT = iphoneos;
				SWIFT_ACTIVE_COMPILATION_CONDITIONS = DEBUG;
				SWIFT_OPTIMIZATION_LEVEL = "-Onone";
			};
			name = Debug;
		};
		99C25F5729A36F1900B85BB0 /* Release */ = {
			isa = XCBuildConfiguration;
			buildSettings = {
				ALWAYS_SEARCH_USER_PATHS = NO;
				CLANG_ANALYZER_NONNULL = YES;
				CLANG_ANALYZER_NUMBER_OBJECT_CONVERSION = YES_AGGRESSIVE;
				CLANG_CXX_LANGUAGE_STANDARD = "gnu++20";
				CLANG_ENABLE_MODULES = YES;
				CLANG_ENABLE_OBJC_ARC = YES;
				CLANG_ENABLE_OBJC_WEAK = YES;
				CLANG_WARN_BLOCK_CAPTURE_AUTORELEASING = YES;
				CLANG_WARN_BOOL_CONVERSION = YES;
				CLANG_WARN_COMMA = YES;
				CLANG_WARN_CONSTANT_CONVERSION = YES;
				CLANG_WARN_DEPRECATED_OBJC_IMPLEMENTATIONS = YES;
				CLANG_WARN_DIRECT_OBJC_ISA_USAGE = YES_ERROR;
				CLANG_WARN_DOCUMENTATION_COMMENTS = YES;
				CLANG_WARN_EMPTY_BODY = YES;
				CLANG_WARN_ENUM_CONVERSION = YES;
				CLANG_WARN_INFINITE_RECURSION = YES;
				CLANG_WARN_INT_CONVERSION = YES;
				CLANG_WARN_NON_LITERAL_NULL_CONVERSION = YES;
				CLANG_WARN_OBJC_IMPLICIT_RETAIN_SELF = YES;
				CLANG_WARN_OBJC_LITERAL_CONVERSION = YES;
				CLANG_WARN_OBJC_ROOT_CLASS = YES_ERROR;
				CLANG_WARN_QUOTED_INCLUDE_IN_FRAMEWORK_HEADER = YES;
				CLANG_WARN_RANGE_LOOP_ANALYSIS = YES;
				CLANG_WARN_STRICT_PROTOTYPES = YES;
				CLANG_WARN_SUSPICIOUS_MOVE = YES;
				CLANG_WARN_UNGUARDED_AVAILABILITY = YES_AGGRESSIVE;
				CLANG_WARN_UNREACHABLE_CODE = YES;
				CLANG_WARN__DUPLICATE_METHOD_MATCH = YES;
				COPY_PHASE_STRIP = NO;
				DEBUG_INFORMATION_FORMAT = "dwarf-with-dsym";
				ENABLE_NS_ASSERTIONS = NO;
				ENABLE_STRICT_OBJC_MSGSEND = YES;
				GCC_C_LANGUAGE_STANDARD = gnu11;
				GCC_NO_COMMON_BLOCKS = YES;
				GCC_WARN_64_TO_32_BIT_CONVERSION = YES;
				GCC_WARN_ABOUT_RETURN_TYPE = YES_ERROR;
				GCC_WARN_UNDECLARED_SELECTOR = YES;
				GCC_WARN_UNINITIALIZED_AUTOS = YES_AGGRESSIVE;
				GCC_WARN_UNUSED_FUNCTION = YES;
				GCC_WARN_UNUSED_VARIABLE = YES;
				IPHONEOS_DEPLOYMENT_TARGET = 11.0;
				MTL_ENABLE_DEBUG_INFO = NO;
				MTL_FAST_MATH = YES;
				SDKROOT = iphoneos;
				SWIFT_COMPILATION_MODE = wholemodule;
				SWIFT_OPTIMIZATION_LEVEL = "-O";
				VALIDATE_PRODUCT = YES;
			};
			name = Release;
		};
		99C25F5929A36F1900B85BB0 /* Debug */ = {
			isa = XCBuildConfiguration;
			buildSettings = {
				ASSETCATALOG_COMPILER_APPICON_NAME = AppIcon;
				ASSETCATALOG_COMPILER_GLOBAL_ACCENT_COLOR_NAME = AccentColor;
				CODE_SIGN_STYLE = Automatic;
				CURRENT_PROJECT_VERSION = 1;
				DEVELOPMENT_TEAM = Y4KBF2M4M7;
				GENERATE_INFOPLIST_FILE = YES;
				INFOPLIST_FILE = DrinksDB/Info.plist;
				INFOPLIST_KEY_UIApplicationSupportsIndirectInputEvents = YES;
				INFOPLIST_KEY_UILaunchStoryboardName = LaunchScreen.storyboard;
				INFOPLIST_KEY_UIMainStoryboardFile = "";
				INFOPLIST_KEY_UIRequiresFullScreen = YES;
				INFOPLIST_KEY_UISupportedInterfaceOrientations_iPad = "UIInterfaceOrientationPortrait UIInterfaceOrientationPortraitUpsideDown UIInterfaceOrientationLandscapeLeft UIInterfaceOrientationLandscapeRight";
				INFOPLIST_KEY_UISupportedInterfaceOrientations_iPhone = "UIInterfaceOrientationPortrait UIInterfaceOrientationLandscapeLeft UIInterfaceOrientationLandscapeRight";
				IPHONEOS_DEPLOYMENT_TARGET = 15.6;
				LD_RUNPATH_SEARCH_PATHS = (
					"$(inherited)",
					"@executable_path/Frameworks",
				);
				MARKETING_VERSION = 1.0;
				PRODUCT_BUNDLE_IDENTIFIER = "com.dev-nm2.drinks.DrinksDB";
				PRODUCT_NAME = "$(TARGET_NAME)";
				SWIFT_EMIT_LOC_STRINGS = YES;
				SWIFT_VERSION = 5.0;
				TARGETED_DEVICE_FAMILY = "1,2";
			};
			name = Debug;
		};
		99C25F5A29A36F1900B85BB0 /* Release */ = {
			isa = XCBuildConfiguration;
			buildSettings = {
				ASSETCATALOG_COMPILER_APPICON_NAME = AppIcon;
				ASSETCATALOG_COMPILER_GLOBAL_ACCENT_COLOR_NAME = AccentColor;
				CODE_SIGN_STYLE = Automatic;
				CURRENT_PROJECT_VERSION = 1;
				DEVELOPMENT_TEAM = Y4KBF2M4M7;
				GENERATE_INFOPLIST_FILE = YES;
				INFOPLIST_FILE = DrinksDB/Info.plist;
				INFOPLIST_KEY_UIApplicationSupportsIndirectInputEvents = YES;
				INFOPLIST_KEY_UILaunchStoryboardName = LaunchScreen.storyboard;
				INFOPLIST_KEY_UIMainStoryboardFile = "";
				INFOPLIST_KEY_UIRequiresFullScreen = YES;
				INFOPLIST_KEY_UISupportedInterfaceOrientations_iPad = "UIInterfaceOrientationPortrait UIInterfaceOrientationPortraitUpsideDown UIInterfaceOrientationLandscapeLeft UIInterfaceOrientationLandscapeRight";
				INFOPLIST_KEY_UISupportedInterfaceOrientations_iPhone = "UIInterfaceOrientationPortrait UIInterfaceOrientationLandscapeLeft UIInterfaceOrientationLandscapeRight";
				IPHONEOS_DEPLOYMENT_TARGET = 15.6;
				LD_RUNPATH_SEARCH_PATHS = (
					"$(inherited)",
					"@executable_path/Frameworks",
				);
				MARKETING_VERSION = 1.0;
				PRODUCT_BUNDLE_IDENTIFIER = "com.dev-nm2.drinks.DrinksDB";
				PRODUCT_NAME = "$(TARGET_NAME)";
				SWIFT_EMIT_LOC_STRINGS = YES;
				SWIFT_VERSION = 5.0;
				TARGETED_DEVICE_FAMILY = "1,2";
			};
			name = Release;
		};
		99C25F5C29A36F1900B85BB0 /* Debug */ = {
			isa = XCBuildConfiguration;
			buildSettings = {
				ALWAYS_EMBED_SWIFT_STANDARD_LIBRARIES = YES;
				BUNDLE_LOADER = "$(TEST_HOST)";
				CODE_SIGN_STYLE = Automatic;
				CURRENT_PROJECT_VERSION = 1;
				DEVELOPMENT_TEAM = Y4KBF2M4M7;
				GENERATE_INFOPLIST_FILE = YES;
				IPHONEOS_DEPLOYMENT_TARGET = 15.6;
				MARKETING_VERSION = 1.0;
				PRODUCT_BUNDLE_IDENTIFIER = "com.dev-nm2.drinks.DrinksDBTests";
				PRODUCT_NAME = "$(TARGET_NAME)";
				SWIFT_EMIT_LOC_STRINGS = NO;
				SWIFT_VERSION = 5.0;
				TARGETED_DEVICE_FAMILY = "1,2";
				TEST_HOST = "$(BUILT_PRODUCTS_DIR)/DrinksDB.app/$(BUNDLE_EXECUTABLE_FOLDER_PATH)/DrinksDB";
			};
			name = Debug;
		};
		99C25F5D29A36F1900B85BB0 /* Release */ = {
			isa = XCBuildConfiguration;
			buildSettings = {
				ALWAYS_EMBED_SWIFT_STANDARD_LIBRARIES = YES;
				BUNDLE_LOADER = "$(TEST_HOST)";
				CODE_SIGN_STYLE = Automatic;
				CURRENT_PROJECT_VERSION = 1;
				DEVELOPMENT_TEAM = Y4KBF2M4M7;
				GENERATE_INFOPLIST_FILE = YES;
				IPHONEOS_DEPLOYMENT_TARGET = 15.6;
				MARKETING_VERSION = 1.0;
				PRODUCT_BUNDLE_IDENTIFIER = "com.dev-nm2.drinks.DrinksDBTests";
				PRODUCT_NAME = "$(TARGET_NAME)";
				SWIFT_EMIT_LOC_STRINGS = NO;
				SWIFT_VERSION = 5.0;
				TARGETED_DEVICE_FAMILY = "1,2";
				TEST_HOST = "$(BUILT_PRODUCTS_DIR)/DrinksDB.app/$(BUNDLE_EXECUTABLE_FOLDER_PATH)/DrinksDB";
			};
			name = Release;
		};
		99C25F5F29A36F1900B85BB0 /* Debug */ = {
			isa = XCBuildConfiguration;
			buildSettings = {
				ALWAYS_EMBED_SWIFT_STANDARD_LIBRARIES = YES;
				CODE_SIGN_STYLE = Automatic;
				CURRENT_PROJECT_VERSION = 1;
				DEVELOPMENT_TEAM = Y4KBF2M4M7;
				GENERATE_INFOPLIST_FILE = YES;
				MARKETING_VERSION = 1.0;
				PRODUCT_BUNDLE_IDENTIFIER = "com.dev-nm2.drinks.DrinksDBUITests";
				PRODUCT_NAME = "$(TARGET_NAME)";
				SWIFT_EMIT_LOC_STRINGS = NO;
				SWIFT_VERSION = 5.0;
				TARGETED_DEVICE_FAMILY = "1,2";
				TEST_TARGET_NAME = DrinksDB;
			};
			name = Debug;
		};
		99C25F6029A36F1900B85BB0 /* Release */ = {
			isa = XCBuildConfiguration;
			buildSettings = {
				ALWAYS_EMBED_SWIFT_STANDARD_LIBRARIES = YES;
				CODE_SIGN_STYLE = Automatic;
				CURRENT_PROJECT_VERSION = 1;
				DEVELOPMENT_TEAM = Y4KBF2M4M7;
				GENERATE_INFOPLIST_FILE = YES;
				MARKETING_VERSION = 1.0;
				PRODUCT_BUNDLE_IDENTIFIER = "com.dev-nm2.drinks.DrinksDBUITests";
				PRODUCT_NAME = "$(TARGET_NAME)";
				SWIFT_EMIT_LOC_STRINGS = NO;
				SWIFT_VERSION = 5.0;
				TARGETED_DEVICE_FAMILY = "1,2";
				TEST_TARGET_NAME = DrinksDB;
			};
			name = Release;
		};
/* End XCBuildConfiguration section */

/* Begin XCConfigurationList section */
		99C25F2929A36F1200B85BB0 /* Build configuration list for PBXProject "DrinksDB" */ = {
			isa = XCConfigurationList;
			buildConfigurations = (
				99C25F5629A36F1900B85BB0 /* Debug */,
				99C25F5729A36F1900B85BB0 /* Release */,
			);
			defaultConfigurationIsVisible = 0;
			defaultConfigurationName = Release;
		};
		99C25F5829A36F1900B85BB0 /* Build configuration list for PBXNativeTarget "DrinksDB" */ = {
			isa = XCConfigurationList;
			buildConfigurations = (
				99C25F5929A36F1900B85BB0 /* Debug */,
				99C25F5A29A36F1900B85BB0 /* Release */,
			);
			defaultConfigurationIsVisible = 0;
			defaultConfigurationName = Release;
		};
		99C25F5B29A36F1900B85BB0 /* Build configuration list for PBXNativeTarget "DrinksDBTests" */ = {
			isa = XCConfigurationList;
			buildConfigurations = (
				99C25F5C29A36F1900B85BB0 /* Debug */,
				99C25F5D29A36F1900B85BB0 /* Release */,
			);
			defaultConfigurationIsVisible = 0;
			defaultConfigurationName = Release;
		};
		99C25F5E29A36F1900B85BB0 /* Build configuration list for PBXNativeTarget "DrinksDBUITests" */ = {
			isa = XCConfigurationList;
			buildConfigurations = (
				99C25F5F29A36F1900B85BB0 /* Debug */,
				99C25F6029A36F1900B85BB0 /* Release */,
			);
			defaultConfigurationIsVisible = 0;
			defaultConfigurationName = Release;
		};
/* End XCConfigurationList section */
	};
	rootObject = 99C25F2629A36F1200B85BB0 /* Project object */;
}
